
Microsoft Visual Studio Solution File, Format Version 12.00
# Visual Studio 15
VisualStudioVersion = 15.0.28307.1231
MinimumVisualStudioVersion = 10.0.40219.1
Project("{FAE04EC0-301F-11D3-BF4B-00C04F79EFBC}") = "TipDevApp", "TipDevApp\TipDevApp.csproj", "{0611D7CA-0CDA-45CC-8A3C-498E36DF99C6}"
EndProject
Global
	GlobalSection(SolutionConfigurationPlatforms) = preSolution
		Debug|Any CPU = Debug|Any CPU
		Release|Any CPU = Release|Any CPU
	EndGlobalSection
	GlobalSection(ProjectConfigurationPlatforms) = postSolution
		{0611D7CA-0CDA-45CC-8A3C-498E36DF99C6}.Debug|Any CPU.ActiveCfg = Debug|Any CPU
		{0611D7CA-0CDA-45CC-8A3C-498E36DF99C6}.Debug|Any CPU.Build.0 = Debug|Any CPU
		{0611D7CA-0CDA-45CC-8A3C-498E36DF99C6}.Release|Any CPU.ActiveCfg = Release|Any CPU
		{0611D7CA-0CDA-45CC-8A3C-498E36DF99C6}.Release|Any CPU.Build.0 = Release|Any CPU
	EndGlobalSection
	GlobalSection(SolutionProperties) = preSolution
		HideSolutionNode = FALSE
	EndGlobalSection
	GlobalSection(ExtensibilityGlobals) = postSolution
		SolutionGuid = {A0290794-C3BC-485B-B7C9-1769FBB21B64}
	EndGlobalSection
	GlobalSection(TeamFoundationVersionControl) = preSolution
		SccNumberOfProjects = 2
		SccEnterpriseProvider = {4CA58AB2-18FA-4F8D-95D4-32DDF27D184C}
		SccTeamFoundationServer = http://tfs.osse.dc.gov:8080/tfs/dhw
		SccLocalPath0 = .
		SccProjectUniqueName1 = TipDevApp\\TipDevApp.csproj
		SccProjectName1 = TipDevApp
		SccLocalPath1 = TipDevApp
	EndGlobalSection
EndGlobal
